
Microsoft Visual Studio Solution File, Format Version 12.00
# Visual Studio 2012
Project("{FAE04EC0-301F-11D3-BF4B-00C04F79EFBC}") = "LeaveApp", "LeaveApp\LeaveApp.csproj", "{D6BF267D-4375-4415-BF29-0D73E86766D7}"
EndProject
Project("{FAE04EC0-301F-11D3-BF4B-00C04F79EFBC}") = "BusinessLayer", "BusinessLayer\BusinessLayer.csproj", "{F6E620C2-8FAA-4A1F-B6F6-12406F99EE2A}"
EndProject
Project("{FAE04EC0-301F-11D3-BF4B-00C04F79EFBC}") = "DataLayer", "DataLayer\DataLayer.csproj", "{116AA709-58F9-4D42-B167-29696CCA0B76}"
EndProject
Global
	GlobalSection(SolutionConfigurationPlatforms) = preSolution
		Debug|Any CPU = Debug|Any CPU
		Release|Any CPU = Release|Any CPU
	EndGlobalSection
	GlobalSection(ProjectConfigurationPlatforms) = postSolution
		{D6BF267D-4375-4415-BF29-0D73E86766D7}.Debug|Any CPU.ActiveCfg = Debug|Any CPU
		{D6BF267D-4375-4415-BF29-0D73E86766D7}.Debug|Any CPU.Build.0 = Debug|Any CPU
		{D6BF267D-4375-4415-BF29-0D73E86766D7}.Release|Any CPU.ActiveCfg = Release|Any CPU
		{D6BF267D-4375-4415-BF29-0D73E86766D7}.Release|Any CPU.Build.0 = Release|Any CPU
		{F6E620C2-8FAA-4A1F-B6F6-12406F99EE2A}.Debug|Any CPU.ActiveCfg = Debug|Any CPU
		{F6E620C2-8FAA-4A1F-B6F6-12406F99EE2A}.Debug|Any CPU.Build.0 = Debug|Any CPU
		{F6E620C2-8FAA-4A1F-B6F6-12406F99EE2A}.Release|Any CPU.ActiveCfg = Release|Any CPU
		{F6E620C2-8FAA-4A1F-B6F6-12406F99EE2A}.Release|Any CPU.Build.0 = Release|Any CPU
		{116AA709-58F9-4D42-B167-29696CCA0B76}.Debug|Any CPU.ActiveCfg = Debug|Any CPU
		{116AA709-58F9-4D42-B167-29696CCA0B76}.Debug|Any CPU.Build.0 = Debug|Any CPU
		{116AA709-58F9-4D42-B167-29696CCA0B76}.Release|Any CPU.ActiveCfg = Release|Any CPU
		{116AA709-58F9-4D42-B167-29696CCA0B76}.Release|Any CPU.Build.0 = Release|Any CPU
	EndGlobalSection
	GlobalSection(SolutionProperties) = preSolution
		HideSolutionNode = FALSE
	EndGlobalSection
EndGlobal
